
Microsoft Visual Studio Solution File, Format Version 12.00
# Visual Studio 15
VisualStudioVersion = 15.0.28307.757
MinimumVisualStudioVersion = 10.0.40219.1
Project("{8BC9CEB8-8B4A-11D0-8D11-00A0C91BC942}") = "BDenis3-WGU-C867-FinalProject", "BDenis3-WGU-C867-FinalProject\BDenis3-WGU-C867-FinalProject.vcxproj", "{6443DABC-6E9A-4074-90A5-78167DE163B7}"
EndProject
Global
	GlobalSection(SolutionConfigurationPlatforms) = preSolution
		Debug|x64 = Debug|x64
		Debug|x86 = Debug|x86
		Release|x64 = Release|x64
		Release|x86 = Release|x86
	EndGlobalSection
	GlobalSection(ProjectConfigurationPlatforms) = postSolution
		{6443DABC-6E9A-4074-90A5-78167DE163B7}.Debug|x64.ActiveCfg = Debug|x64
		{6443DABC-6E9A-4074-90A5-78167DE163B7}.Debug|x64.Build.0 = Debug|x64
		{6443DABC-6E9A-4074-90A5-78167DE163B7}.Debug|x86.ActiveCfg = Debug|Win32
		{6443DABC-6E9A-4074-90A5-78167DE163B7}.Debug|x86.Build.0 = Debug|Win32
		{6443DABC-6E9A-4074-90A5-78167DE163B7}.Release|x64.ActiveCfg = Release|x64
		{6443DABC-6E9A-4074-90A5-78167DE163B7}.Release|x64.Build.0 = Release|x64
		{6443DABC-6E9A-4074-90A5-78167DE163B7}.Release|x86.ActiveCfg = Release|Win32
		{6443DABC-6E9A-4074-90A5-78167DE163B7}.Release|x86.Build.0 = Release|Win32
	EndGlobalSection
	GlobalSection(SolutionProperties) = preSolution
		HideSolutionNode = FALSE
	EndGlobalSection
	GlobalSection(ExtensibilityGlobals) = postSolution
		SolutionGuid = {7CAE750E-58DC-419A-B8DA-53A4A5C44C7F}
	EndGlobalSection
EndGlobal
